
Microsoft Visual Studio Solution File, Format Version 12.00
# Visual Studio Version 17
VisualStudioVersion = 17.5.002.0
MinimumVisualStudioVersion = 10.0.40219.1
Project("{9A19103F-16F7-4668-BE54-9A1E7A4F7556}") = "Example_001", "Example_001\Example_001.csproj", "{A940578D-1C21-412D-B7A0-928BA5AB636F}"
EndProject
Project("{9A19103F-16F7-4668-BE54-9A1E7A4F7556}") = "Example_002", "Example_002\Example_002.csproj", "{1809B530-D527-4A12-B2CF-F94DC017880D}"
EndProject
Project("{9A19103F-16F7-4668-BE54-9A1E7A4F7556}") = "Example_003", "Example_003\Example_003.csproj", "{5F93A29E-A75C-4EA5-98BE-712021509EDA}"
EndProject
Project("{9A19103F-16F7-4668-BE54-9A1E7A4F7556}") = "Example_004", "Example_004\Example_004.csproj", "{449FA9FB-19D4-4674-9615-0B2208661882}"
EndProject
Project("{9A19103F-16F7-4668-BE54-9A1E7A4F7556}") = "Example_005", "Example_005\Example_005.csproj", "{72208FE5-57E7-4DA4-AF84-4B54252CB109}"
EndProject
Global
	GlobalSection(SolutionConfigurationPlatforms) = preSolution
		Debug|Any CPU = Debug|Any CPU
		Release|Any CPU = Release|Any CPU
	EndGlobalSection
	GlobalSection(ProjectConfigurationPlatforms) = postSolution
		{A940578D-1C21-412D-B7A0-928BA5AB636F}.Debug|Any CPU.ActiveCfg = Debug|Any CPU
		{A940578D-1C21-412D-B7A0-928BA5AB636F}.Debug|Any CPU.Build.0 = Debug|Any CPU
		{A940578D-1C21-412D-B7A0-928BA5AB636F}.Release|Any CPU.ActiveCfg = Release|Any CPU
		{A940578D-1C21-412D-B7A0-928BA5AB636F}.Release|Any CPU.Build.0 = Release|Any CPU
		{1809B530-D527-4A12-B2CF-F94DC017880D}.Debug|Any CPU.ActiveCfg = Debug|Any CPU
		{1809B530-D527-4A12-B2CF-F94DC017880D}.Debug|Any CPU.Build.0 = Debug|Any CPU
		{1809B530-D527-4A12-B2CF-F94DC017880D}.Release|Any CPU.ActiveCfg = Release|Any CPU
		{1809B530-D527-4A12-B2CF-F94DC017880D}.Release|Any CPU.Build.0 = Release|Any CPU
		{5F93A29E-A75C-4EA5-98BE-712021509EDA}.Debug|Any CPU.ActiveCfg = Debug|Any CPU
		{5F93A29E-A75C-4EA5-98BE-712021509EDA}.Debug|Any CPU.Build.0 = Debug|Any CPU
		{5F93A29E-A75C-4EA5-98BE-712021509EDA}.Release|Any CPU.ActiveCfg = Release|Any CPU
		{5F93A29E-A75C-4EA5-98BE-712021509EDA}.Release|Any CPU.Build.0 = Release|Any CPU
		{449FA9FB-19D4-4674-9615-0B2208661882}.Debug|Any CPU.ActiveCfg = Debug|Any CPU
		{449FA9FB-19D4-4674-9615-0B2208661882}.Debug|Any CPU.Build.0 = Debug|Any CPU
		{449FA9FB-19D4-4674-9615-0B2208661882}.Release|Any CPU.ActiveCfg = Release|Any CPU
		{449FA9FB-19D4-4674-9615-0B2208661882}.Release|Any CPU.Build.0 = Release|Any CPU
		{72208FE5-57E7-4DA4-AF84-4B54252CB109}.Debug|Any CPU.ActiveCfg = Debug|Any CPU
		{72208FE5-57E7-4DA4-AF84-4B54252CB109}.Debug|Any CPU.Build.0 = Debug|Any CPU
		{72208FE5-57E7-4DA4-AF84-4B54252CB109}.Release|Any CPU.ActiveCfg = Release|Any CPU
		{72208FE5-57E7-4DA4-AF84-4B54252CB109}.Release|Any CPU.Build.0 = Release|Any CPU
	EndGlobalSection
	GlobalSection(SolutionProperties) = preSolution
		HideSolutionNode = FALSE
	EndGlobalSection
	GlobalSection(ExtensibilityGlobals) = postSolution
		SolutionGuid = {9E9CCB3E-B10D-470A-B4E4-BE5DCF85704E}
	EndGlobalSection
EndGlobal
